{
  "requires": true,
  "lockfileVersion": 1,
  "dependencies": {
    "bootstrap": {
      "version": "5.2.3",
      "resolved": "https://registry.npmjs.org/bootstrap/-/bootstrap-5.2.3.tgz",
      "integrity": "sha512-cEKPM+fwb3cT8NzQZYEu4HilJ3anCrWqh3CHAok1p9jXqMPsPTBhU25fBckEJHJ/p+tTxTFTsFQGM+gaHpi3QQ=="
    },
    "jquery": {
      "version": "3.6.4",
      "resolved": "https://registry.npmjs.org/jquery/-/jquery-3.6.4.tgz",
      "integrity": "sha512-v28EW9DWDFpzcD9O5iyJXg3R3+q+mET5JhnjJzQUZMHOv67bpSIHq81GEYpPNZHG+XXHsfSme3nxp/hndKEcsQ=="
    }
  }
}
